
Microsoft Visual Studio Solution File, Format Version 12.00
# Visual Studio Version 17
VisualStudioVersion = 17.4.33205.214
MinimumVisualStudioVersion = 10.0.40219.1
Project("{9A19103F-16F7-4668-BE54-9A1E7A4F7556}") = "DataAccess", "DataAccess\DataAccess.csproj", "{65F00B9B-E676-4090-82FC-E15900CB3C89}"
EndProject
Project("{9A19103F-16F7-4668-BE54-9A1E7A4F7556}") = "Playground", "Playground\Playground.csproj", "{140985AC-B651-4FC9-8F1D-3C227C36C0BB}"
EndProject
Project("{9A19103F-16F7-4668-BE54-9A1E7A4F7556}") = "RecommendationsWebAPI", "RecommendationsWebAPI\RecommendationsWebAPI.csproj", "{DB149B51-38AB-4144-BCE3-0F5CB84B7F60}"
EndProject
Project("{FAE04EC0-301F-11D3-BF4B-00C04F79EFBC}") = "DataAccessSQL", "DataAccessSQL\DataAccessSQL.csproj", "{90CA394E-5A52-4533-B593-8FA315F1BC47}"
EndProject
Global
	GlobalSection(SolutionConfigurationPlatforms) = preSolution
		Debug|Any CPU = Debug|Any CPU
		Release|Any CPU = Release|Any CPU
	EndGlobalSection
	GlobalSection(ProjectConfigurationPlatforms) = postSolution
		{65F00B9B-E676-4090-82FC-E15900CB3C89}.Debug|Any CPU.ActiveCfg = Debug|Any CPU
		{65F00B9B-E676-4090-82FC-E15900CB3C89}.Debug|Any CPU.Build.0 = Debug|Any CPU
		{65F00B9B-E676-4090-82FC-E15900CB3C89}.Release|Any CPU.ActiveCfg = Release|Any CPU
		{65F00B9B-E676-4090-82FC-E15900CB3C89}.Release|Any CPU.Build.0 = Release|Any CPU
		{140985AC-B651-4FC9-8F1D-3C227C36C0BB}.Debug|Any CPU.ActiveCfg = Debug|Any CPU
		{140985AC-B651-4FC9-8F1D-3C227C36C0BB}.Debug|Any CPU.Build.0 = Debug|Any CPU
		{140985AC-B651-4FC9-8F1D-3C227C36C0BB}.Release|Any CPU.ActiveCfg = Release|Any CPU
		{140985AC-B651-4FC9-8F1D-3C227C36C0BB}.Release|Any CPU.Build.0 = Release|Any CPU
		{DB149B51-38AB-4144-BCE3-0F5CB84B7F60}.Debug|Any CPU.ActiveCfg = Debug|Any CPU
		{DB149B51-38AB-4144-BCE3-0F5CB84B7F60}.Debug|Any CPU.Build.0 = Debug|Any CPU
		{DB149B51-38AB-4144-BCE3-0F5CB84B7F60}.Release|Any CPU.ActiveCfg = Release|Any CPU
		{DB149B51-38AB-4144-BCE3-0F5CB84B7F60}.Release|Any CPU.Build.0 = Release|Any CPU
		{90CA394E-5A52-4533-B593-8FA315F1BC47}.Debug|Any CPU.ActiveCfg = Debug|Any CPU
		{90CA394E-5A52-4533-B593-8FA315F1BC47}.Debug|Any CPU.Build.0 = Debug|Any CPU
		{90CA394E-5A52-4533-B593-8FA315F1BC47}.Release|Any CPU.ActiveCfg = Release|Any CPU
		{90CA394E-5A52-4533-B593-8FA315F1BC47}.Release|Any CPU.Build.0 = Release|Any CPU
	EndGlobalSection
	GlobalSection(SolutionProperties) = preSolution
		HideSolutionNode = FALSE
	EndGlobalSection
	GlobalSection(ExtensibilityGlobals) = postSolution
		SolutionGuid = {6FE2BD23-49A5-4870-89F9-C4F2EF94295C}
	EndGlobalSection
EndGlobal
